
Microsoft Visual Studio Solution File, Format Version 12.00
# Visual Studio Version 16
VisualStudioVersion = 16.0.31229.75
MinimumVisualStudioVersion = 10.0.40219.1
Project("{FAE04EC0-301F-11D3-BF4B-00C04F79EFBC}") = "Examen.Elipgo.Service", "Examen.Elipgo.Service\Examen.Elipgo.Service.csproj", "{9283C852-7202-480D-9F62-92CF8B1600FA}"
EndProject
Project("{FAE04EC0-301F-11D3-BF4B-00C04F79EFBC}") = "Examen.Elipgo.DAL", "Examen.Elipgo.DAL\Examen.Elipgo.DAL.csproj", "{FCB71BEB-573D-4696-AE7A-0DB8691BB6E9}"
EndProject
Project("{FAE04EC0-301F-11D3-BF4B-00C04F79EFBC}") = "Examen.Elipgo.DAO", "Examen.Elipgo.DAO\Examen.Elipgo.DAO.csproj", "{06391794-7D8B-4B2F-823C-38CF475DC848}"
EndProject
Global
	GlobalSection(SolutionConfigurationPlatforms) = preSolution
		Debug|Any CPU = Debug|Any CPU
		Release|Any CPU = Release|Any CPU
	EndGlobalSection
	GlobalSection(ProjectConfigurationPlatforms) = postSolution
		{9283C852-7202-480D-9F62-92CF8B1600FA}.Debug|Any CPU.ActiveCfg = Debug|Any CPU
		{9283C852-7202-480D-9F62-92CF8B1600FA}.Debug|Any CPU.Build.0 = Debug|Any CPU
		{9283C852-7202-480D-9F62-92CF8B1600FA}.Release|Any CPU.ActiveCfg = Release|Any CPU
		{9283C852-7202-480D-9F62-92CF8B1600FA}.Release|Any CPU.Build.0 = Release|Any CPU
		{FCB71BEB-573D-4696-AE7A-0DB8691BB6E9}.Debug|Any CPU.ActiveCfg = Debug|Any CPU
		{FCB71BEB-573D-4696-AE7A-0DB8691BB6E9}.Debug|Any CPU.Build.0 = Debug|Any CPU
		{FCB71BEB-573D-4696-AE7A-0DB8691BB6E9}.Release|Any CPU.ActiveCfg = Release|Any CPU
		{FCB71BEB-573D-4696-AE7A-0DB8691BB6E9}.Release|Any CPU.Build.0 = Release|Any CPU
		{06391794-7D8B-4B2F-823C-38CF475DC848}.Debug|Any CPU.ActiveCfg = Debug|Any CPU
		{06391794-7D8B-4B2F-823C-38CF475DC848}.Debug|Any CPU.Build.0 = Debug|Any CPU
		{06391794-7D8B-4B2F-823C-38CF475DC848}.Release|Any CPU.ActiveCfg = Release|Any CPU
		{06391794-7D8B-4B2F-823C-38CF475DC848}.Release|Any CPU.Build.0 = Release|Any CPU
	EndGlobalSection
	GlobalSection(SolutionProperties) = preSolution
		HideSolutionNode = FALSE
	EndGlobalSection
	GlobalSection(ExtensibilityGlobals) = postSolution
		SolutionGuid = {B3118734-4ECF-4890-ABE0-627F08837131}
	EndGlobalSection
EndGlobal
